
Microsoft Visual Studio Solution File, Format Version 12.00
# Visual Studio Version 17
VisualStudioVersion = 17.13.35825.156 d17.13
MinimumVisualStudioVersion = 10.0.40219.1
Project("{FAE04EC0-301F-11D3-BF4B-00C04F79EFBC}") = "Aplicacion", "Aplicacion\Aplicacion.csproj", "{74F3B6C2-A2CD-4BBF-97C7-2959D941DC6F}"
EndProject
Global
	GlobalSection(SolutionConfigurationPlatforms) = preSolution
		Debug|Any CPU = Debug|Any CPU
		Release|Any CPU = Release|Any CPU
	EndGlobalSection
	GlobalSection(ProjectConfigurationPlatforms) = postSolution
		{74F3B6C2-A2CD-4BBF-97C7-2959D941DC6F}.Debug|Any CPU.ActiveCfg = Debug|Any CPU
		{74F3B6C2-A2CD-4BBF-97C7-2959D941DC6F}.Debug|Any CPU.Build.0 = Debug|Any CPU
		{74F3B6C2-A2CD-4BBF-97C7-2959D941DC6F}.Release|Any CPU.ActiveCfg = Release|Any CPU
		{74F3B6C2-A2CD-4BBF-97C7-2959D941DC6F}.Release|Any CPU.Build.0 = Release|Any CPU
	EndGlobalSection
	GlobalSection(SolutionProperties) = preSolution
		HideSolutionNode = FALSE
	EndGlobalSection
	GlobalSection(ExtensibilityGlobals) = postSolution
		SolutionGuid = {91E68D80-2BA0-48B7-BEDD-B896869FC8DD}
	EndGlobalSection
EndGlobal
